<?xml version="1.0" encoding="utf-8"?>
<Project ToolsVersion="4.0" xmlns="http://schemas.microsoft.com/developer/msbuild/2003">
  <ItemGroup>
    <Filter Include="Fichiers sources">
      <UniqueIdentifier>{4FC737F1-C7A5-4376-A066-2A32D752A2FF}</UniqueIdentifier>
      <Extensions>cpp;c;cc;cxx;c++;cppm;ixx;def;odl;idl;hpj;bat;asm;asmx</Extensions>
    </Filter>
    <Filter Include="Fichiers d%27en-tête">
      <UniqueIdentifier>{93995380-89BD-4b04-88EB-625FBE52EBFB}</UniqueIdentifier>
      <Extensions>h;hh;hpp;hxx;h++;hm;inl;inc;ipp;xsd</Extensions>
    </Filter>
    <Filter Include="Fichiers de ressources">
      <UniqueIdentifier>{67DA6AB6-F800-4c08-8B7A-83BB121AAD01}</UniqueIdentifier>
      <Extensions>rc;ico;cur;bmp;dlg;rc2;rct;bin;rgs;gif;jpg;jpeg;jpe;resx;tiff;tif;png;wav;mfcribbon-ms</Extensions>
    </Filter>
    <Filter Include="Fichiers d%27en-tête\structs">
      <UniqueIdentifier>{0d4b4fd8-0ce7-4904-82e2-b2c7a70dbd25}</UniqueIdentifier>
    </Filter>
    <Filter Include="Fichiers d%27en-tête\typedefs">
      <UniqueIdentifier>{0168a41c-0f1b-4de8-bcf7-690d4552c22d}</UniqueIdentifier>
    </Filter>
    <Filter Include="Fichiers sources\utils">
      <UniqueIdentifier>{77a90cc6-36a1-4520-b711-67d796175b05}</UniqueIdentifier>
    </Filter>
    <Filter Include="Fichiers sources\def">
      <UniqueIdentifier>{a74e8fb6-ca43-44ca-94f8-fbe96e9b2b15}</UniqueIdentifier>
    </Filter>
    <Filter Include="Fichiers d%27en-tête\utils">
      <UniqueIdentifier>{3fe8a3ab-a832-4f77-b50c-02334f36844c}</UniqueIdentifier>
    </Filter>
    <Filter Include="Fichiers d%27en-tête\utils\boggle">
      <UniqueIdentifier>{339f65a9-a8f1-4264-b915-812c152461ef}</UniqueIdentifier>
    </Filter>
  </ItemGroup>
  <ItemGroup>
    <ClCompile Include="Source.cpp">
      <Filter>Fichiers sources</Filter>
    </ClCompile>
    <ClCompile Include="Liste.cpp">
      <Filter>Fichiers sources\def</Filter>
    </ClCompile>
    <ClCompile Include="ConteneurTDE.cpp">
      <Filter>Fichiers sources\def</Filter>
    </ClCompile>
    <ClCompile Include="Item.cpp">
      <Filter>Fichiers sources\def</Filter>
    </ClCompile>
    <ClCompile Include="BoggleUtils.cpp">
      <Filter>Fichiers sources\utils</Filter>
    </ClCompile>
    <ClCompile Include="ConteneurListe.cpp">
      <Filter>Fichiers sources\def</Filter>
    </ClCompile>
  </ItemGroup>
  <ItemGroup>
    <ClInclude Include="ConteneurTDE.h">
      <Filter>Fichiers d%27en-tête</Filter>
    </ClInclude>
    <ClInclude Include="Liste.h">
      <Filter>Fichiers d%27en-tête</Filter>
    </ClInclude>
    <ClInclude Include="ConteneurTDE_s.h">
      <Filter>Fichiers d%27en-tête\structs</Filter>
    </ClInclude>
    <ClInclude Include="Item_t.h">
      <Filter>Fichiers d%27en-tête\typedefs</Filter>
    </ClInclude>
    <ClInclude Include="Item.h">
      <Filter>Fichiers d%27en-tête</Filter>
    </ClInclude>
    <ClInclude Include="Mot_s.h">
      <Filter>Fichiers d%27en-tête\structs</Filter>
    </ClInclude>
    <ClInclude Include="BoggleUtils.h">
      <Filter>Fichiers d%27en-tête\utils\boggle</Filter>
    </ClInclude>
    <ClInclude Include="Liste_s.h">
      <Filter>Fichiers d%27en-tête\structs</Filter>
    </ClInclude>
    <ClInclude Include="ConteneurListe.h">
      <Filter>Fichiers d%27en-tête</Filter>
    </ClInclude>
    <ClInclude Include="ConteneurListe_s.h">
      <Filter>Fichiers d%27en-tête\structs</Filter>
    </ClInclude>
  </ItemGroup>
</Project>